
Microsoft Visual Studio Solution File, Format Version 12.00
# Visual Studio Version 17
VisualStudioVersion = 17.0.31903.59
MinimumVisualStudioVersion = 10.0.40219.1
Project("{FAE04EC0-301F-11D3-BF4B-00C04F79EFBC}") = "CSProjeDemo1.Domain", "CSProjeDemo1.Domain\CSProjeDemo1.Domain.csproj", "{8E4BE030-B880-4B0B-BB74-37EDE999CB36}"
EndProject
Project("{FAE04EC0-301F-11D3-BF4B-00C04F79EFBC}") = "CSProjeDemo1.Application", "CSProjeDemo1.Application\CSProjeDemo1.Application.csproj", "{23CD2156-7942-4E21-815B-E30994B5F667}"
EndProject
Project("{FAE04EC0-301F-11D3-BF4B-00C04F79EFBC}") = "CSProjeDemo1.Infrastructure", "CSProjeDemo1.Infrastructure\CSProjeDemo1.Infrastructure.csproj", "{B5BE8A85-D543-4239-9CBA-E54C005E190B}"
EndProject
Project("{FAE04EC0-301F-11D3-BF4B-00C04F79EFBC}") = "CSProjeDemo1.WebAPI", "CSProjeDemo1.WebAPI\CSProjeDemo1.WebAPI.csproj", "{4D3BB394-1554-4401-8447-E0FAEA13239D}"
EndProject
Global
	GlobalSection(SolutionConfigurationPlatforms) = preSolution
		Debug|Any CPU = Debug|Any CPU
		Debug|x64 = Debug|x64
		Debug|x86 = Debug|x86
		Release|Any CPU = Release|Any CPU
		Release|x64 = Release|x64
		Release|x86 = Release|x86
	EndGlobalSection
	GlobalSection(ProjectConfigurationPlatforms) = postSolution
		{8E4BE030-B880-4B0B-BB74-37EDE999CB36}.Debug|Any CPU.ActiveCfg = Debug|Any CPU
		{8E4BE030-B880-4B0B-BB74-37EDE999CB36}.Debug|Any CPU.Build.0 = Debug|Any CPU
		{8E4BE030-B880-4B0B-BB74-37EDE999CB36}.Debug|x64.ActiveCfg = Debug|Any CPU
		{8E4BE030-B880-4B0B-BB74-37EDE999CB36}.Debug|x64.Build.0 = Debug|Any CPU
		{8E4BE030-B880-4B0B-BB74-37EDE999CB36}.Debug|x86.ActiveCfg = Debug|Any CPU
		{8E4BE030-B880-4B0B-BB74-37EDE999CB36}.Debug|x86.Build.0 = Debug|Any CPU
		{8E4BE030-B880-4B0B-BB74-37EDE999CB36}.Release|Any CPU.ActiveCfg = Release|Any CPU
		{8E4BE030-B880-4B0B-BB74-37EDE999CB36}.Release|Any CPU.Build.0 = Release|Any CPU
		{8E4BE030-B880-4B0B-BB74-37EDE999CB36}.Release|x64.ActiveCfg = Release|Any CPU
		{8E4BE030-B880-4B0B-BB74-37EDE999CB36}.Release|x64.Build.0 = Release|Any CPU
		{8E4BE030-B880-4B0B-BB74-37EDE999CB36}.Release|x86.ActiveCfg = Release|Any CPU
		{8E4BE030-B880-4B0B-BB74-37EDE999CB36}.Release|x86.Build.0 = Release|Any CPU
		{23CD2156-7942-4E21-815B-E30994B5F667}.Debug|Any CPU.ActiveCfg = Debug|Any CPU
		{23CD2156-7942-4E21-815B-E30994B5F667}.Debug|Any CPU.Build.0 = Debug|Any CPU
		{23CD2156-7942-4E21-815B-E30994B5F667}.Debug|x64.ActiveCfg = Debug|Any CPU
		{23CD2156-7942-4E21-815B-E30994B5F667}.Debug|x64.Build.0 = Debug|Any CPU
		{23CD2156-7942-4E21-815B-E30994B5F667}.Debug|x86.ActiveCfg = Debug|Any CPU
		{23CD2156-7942-4E21-815B-E30994B5F667}.Debug|x86.Build.0 = Debug|Any CPU
		{23CD2156-7942-4E21-815B-E30994B5F667}.Release|Any CPU.ActiveCfg = Release|Any CPU
		{23CD2156-7942-4E21-815B-E30994B5F667}.Release|Any CPU.Build.0 = Release|Any CPU
		{23CD2156-7942-4E21-815B-E30994B5F667}.Release|x64.ActiveCfg = Release|Any CPU
		{23CD2156-7942-4E21-815B-E30994B5F667}.Release|x64.Build.0 = Release|Any CPU
		{23CD2156-7942-4E21-815B-E30994B5F667}.Release|x86.ActiveCfg = Release|Any CPU
		{23CD2156-7942-4E21-815B-E30994B5F667}.Release|x86.Build.0 = Release|Any CPU
		{B5BE8A85-D543-4239-9CBA-E54C005E190B}.Debug|Any CPU.ActiveCfg = Debug|Any CPU
		{B5BE8A85-D543-4239-9CBA-E54C005E190B}.Debug|Any CPU.Build.0 = Debug|Any CPU
		{B5BE8A85-D543-4239-9CBA-E54C005E190B}.Debug|x64.ActiveCfg = Debug|Any CPU
		{B5BE8A85-D543-4239-9CBA-E54C005E190B}.Debug|x64.Build.0 = Debug|Any CPU
		{B5BE8A85-D543-4239-9CBA-E54C005E190B}.Debug|x86.ActiveCfg = Debug|Any CPU
		{B5BE8A85-D543-4239-9CBA-E54C005E190B}.Debug|x86.Build.0 = Debug|Any CPU
		{B5BE8A85-D543-4239-9CBA-E54C005E190B}.Release|Any CPU.ActiveCfg = Release|Any CPU
		{B5BE8A85-D543-4239-9CBA-E54C005E190B}.Release|Any CPU.Build.0 = Release|Any CPU
		{B5BE8A85-D543-4239-9CBA-E54C005E190B}.Release|x64.ActiveCfg = Release|Any CPU
		{B5BE8A85-D543-4239-9CBA-E54C005E190B}.Release|x64.Build.0 = Release|Any CPU
		{B5BE8A85-D543-4239-9CBA-E54C005E190B}.Release|x86.ActiveCfg = Release|Any CPU
		{B5BE8A85-D543-4239-9CBA-E54C005E190B}.Release|x86.Build.0 = Release|Any CPU
		{4D3BB394-1554-4401-8447-E0FAEA13239D}.Debug|Any CPU.ActiveCfg = Debug|Any CPU
		{4D3BB394-1554-4401-8447-E0FAEA13239D}.Debug|Any CPU.Build.0 = Debug|Any CPU
		{4D3BB394-1554-4401-8447-E0FAEA13239D}.Debug|x64.ActiveCfg = Debug|Any CPU
		{4D3BB394-1554-4401-8447-E0FAEA13239D}.Debug|x64.Build.0 = Debug|Any CPU
		{4D3BB394-1554-4401-8447-E0FAEA13239D}.Debug|x86.ActiveCfg = Debug|Any CPU
		{4D3BB394-1554-4401-8447-E0FAEA13239D}.Debug|x86.Build.0 = Debug|Any CPU
		{4D3BB394-1554-4401-8447-E0FAEA13239D}.Release|Any CPU.ActiveCfg = Release|Any CPU
		{4D3BB394-1554-4401-8447-E0FAEA13239D}.Release|Any CPU.Build.0 = Release|Any CPU
		{4D3BB394-1554-4401-8447-E0FAEA13239D}.Release|x64.ActiveCfg = Release|Any CPU
		{4D3BB394-1554-4401-8447-E0FAEA13239D}.Release|x64.Build.0 = Release|Any CPU
		{4D3BB394-1554-4401-8447-E0FAEA13239D}.Release|x86.ActiveCfg = Release|Any CPU
		{4D3BB394-1554-4401-8447-E0FAEA13239D}.Release|x86.Build.0 = Release|Any CPU
	EndGlobalSection
	GlobalSection(SolutionProperties) = preSolution
		HideSolutionNode = FALSE
	EndGlobalSection
EndGlobal
